{
  "name": "sails-hook-docker-secrets-as-env",
  "version": "1.0.0",
  "lockfileVersion": 1,
  "requires": true,
  "dependencies": {
    "@cloudreach/docker-secrets": {
      "version": "1.0.3",
      "resolved": "https://registry.npmjs.org/@cloudreach/docker-secrets/-/docker-secrets-1.0.3.tgz",
      "integrity": "sha512-WHRWG3TUIHol3M7W+Ysuxysf2L56HB3M+xmpEucul+7QNXna2cfz2hoC9C1JGFir+NWAaZnx4wghSzRHlzAFmA=="
    },
    "docker-secrets-as-env": {
      "version": "1.0.0",
      "resolved": "https://registry.npmjs.org/docker-secrets-as-env/-/docker-secrets-as-env-1.0.0.tgz",
      "integrity": "sha512-NJeZ/kpKBZKdI01w3eboSr6BJ5CaMsR88mCR/0Aul3GA4x6PCYKSKjqEaGlRxne1rVRD1fpM33ywiqCS72beNQ==",
      "requires": {
        "@cloudreach/docker-secrets": "^1.0.3"
      }
    }
  }
}
